/user/brussel/109/vsc10945/home/scratch/AmphibianTELibrary/Genomes/Ambystoma_mexicanum/Ambystoma_mexicanum.denovo
/user/brussel/109/vsc10945/home/scratch/AmphibianTELibrary/Genomes/Xenopus_petersii/Xenopus_petersii.denovo
/user/brussel/109/vsc10945/home/scratch/AmphibianTELibrary/Genomes/Bufotes_viridis/Bufotes_viridis.denovo
/user/brussel/109/vsc10945/home/scratch/AmphibianTELibrary/Genomes/Geotrypetes_seraphini/Geotrypetes_seraphini.denovo
/user/brussel/109/vsc10945/home/scratch/AmphibianTELibrary/Genomes/Ascaphus_truei/Ascaphus_truei.denovo
/user/brussel/109/vsc10945/home/scratch/AmphibianTELibrary/Genomes/Bufo_gargarizans/Bufo_gargarizans.denovo
/user/brussel/109/vsc10945/home/scratch/AmphibianTELibrary/Genomes/Lissotriton_vulgaris/Lissotriton_vulgaris.denovo
/user/brussel/109/vsc10945/home/scratch/AmphibianTELibrary/Genomes/Rana_temporaria/Rana_temporaria.denovo
/user/brussel/109/vsc10945/home/scratch/AmphibianTELibrary/Genomes/Ranitomeya_variabilis/Ranitomeya_variabilis.denovo
/user/brussel/109/vsc10945/home/scratch/AmphibianTELibrary/Genomes/Xenopus_borealis/Xenopus_borealis.denovo
/user/brussel/109/vsc10945/home/scratch/AmphibianTELibrary/Genomes/Hyla_sarda/Hyla_sarda.denovo
/user/brussel/109/vsc10945/home/scratch/AmphibianTELibrary/Genomes/Spea_bombifrons/Spea_bombifrons.denovo
/user/brussel/109/vsc10945/home/scratch/AmphibianTELibrary/Genomes/Bombina_bombina/Bombina_bombina.denovo
/user/brussel/109/vsc10945/home/scratch/AmphibianTELibrary/Genomes/Pelophylax_nigromaculatus/Pelophylax_nigromaculatus.denovo
/user/brussel/109/vsc10945/home/scratch/AmphibianTELibrary/Genomes/Epidalea_calamita/Epidalea_calamita.denovo
/user/brussel/109/vsc10945/home/scratch/AmphibianTELibrary/Genomes/Lithobates_sylvaticus/Lithobates_sylvaticus.denovo
/user/brussel/109/vsc10945/home/scratch/AmphibianTELibrary/Genomes/Engystomops_pustulosus/Engystomops_pustulosus.denovo
/user/brussel/109/vsc10945/home/scratch/AmphibianTELibrary/Genomes/Pelophylax_lessonae/Pelophylax_lessonae.denovo
/user/brussel/109/vsc10945/home/scratch/AmphibianTELibrary/Genomes/Fejervarya_limnocharis/Fejervarya_limnocharis.denovo
/user/brussel/109/vsc10945/home/scratch/AmphibianTELibrary/Genomes/Eleutherodactylus_marnockii/Eleutherodactylus_marnockii.denovo
/user/brussel/109/vsc10945/home/scratch/AmphibianTELibrary/Genomes/Spea_multiplicata/Spea_multiplicata.denovo
/user/brussel/109/vsc10945/home/scratch/AmphibianTELibrary/Genomes/Desmognathus_fuscus/Desmognathus_fuscus.denovo
/user/brussel/109/vsc10945/home/scratch/AmphibianTELibrary/Genomes/Ranitomeya_imitator/Ranitomeya_imitator.denovo
/user/brussel/109/vsc10945/home/scratch/AmphibianTELibrary/Genomes/Pelobates_cultripes/Pelobates_cultripes.denovo
/user/brussel/109/vsc10945/home/scratch/AmphibianTELibrary/Genomes/Ptychadena_robeensis/Ptychadena_robeensis.denovo
/user/brussel/109/vsc10945/home/scratch/AmphibianTELibrary/Genomes/Rana_muscosa/Rana_muscosa.denovo
/user/brussel/109/vsc10945/home/scratch/AmphibianTELibrary/Genomes/Leptobrachium_leishanense/Leptobrachium_leishanense.denovo
/user/brussel/109/vsc10945/home/scratch/AmphibianTELibrary/Genomes/Pelodytes_ibericus/Pelodytes_ibericus.denovo
/user/brussel/109/vsc10945/home/scratch/AmphibianTELibrary/Genomes/Gastrophryne_carolinensis/Gastrophryne_carolinensis.denovo
/user/brussel/109/vsc10945/home/scratch/AmphibianTELibrary/Genomes/Rhinatrema_bivittatum/Rhinatrema_bivittatum.denovo
/user/brussel/109/vsc10945/home/scratch/AmphibianTELibrary/Genomes/Rana_kukunoris/Rana_kukunoris.denovo
/user/brussel/109/vsc10945/home/scratch/AmphibianTELibrary/Genomes/Xenopus_laevis/Xenopus_laevis.denovo
/user/brussel/109/vsc10945/home/scratch/AmphibianTELibrary/Genomes/Hymenochirus_boettgeri/Hymenochirus_boettgeri.denovo
/user/brussel/109/vsc10945/home/scratch/AmphibianTELibrary/Genomes/Mantella_aurantiaca/Mantella_aurantiaca.denovo
/user/brussel/109/vsc10945/home/scratch/AmphibianTELibrary/Genomes/Microcaecilia_unicolor/Microcaecilia_unicolor.denovo
/user/brussel/109/vsc10945/home/scratch/AmphibianTELibrary/Genomes/Pyxicephalus_adspersus/Pyxicephalus_adspersus.denovo
/user/brussel/109/vsc10945/home/scratch/AmphibianTELibrary/Genomes/Rhinophrynus_dorsalis/Rhinophrynus_dorsalis.denovo
/user/brussel/109/vsc10945/home/scratch/AmphibianTELibrary/Genomes/Pseudacris_triseriata/Pseudacris_triseriata.denovo
/user/brussel/109/vsc10945/home/scratch/AmphibianTELibrary/Genomes/Bufo_bufo/Bufo_bufo.denovo
/user/brussel/109/vsc10945/home/scratch/AmphibianTELibrary/Genomes/Lithobates_pipiens/Lithobates_pipiens.denovo
/user/brussel/109/vsc10945/home/scratch/AmphibianTELibrary/Genomes/Leptobrachium_ailaonicum/Leptobrachium_ailaonicum.denovo
/user/brussel/109/vsc10945/home/scratch/AmphibianTELibrary/Genomes/Rana_chensinensis/Rana_chensinensis.denovo
/user/brussel/109/vsc10945/home/scratch/AmphibianTELibrary/Genomes/Aquarana_catesbeiana/Aquarana_catesbeiana.denovo
/user/brussel/109/vsc10945/home/scratch/AmphibianTELibrary/Genomes/Triturus_cristatus/Triturus_cristatus.denovo
/user/brussel/109/vsc10945/home/scratch/AmphibianTELibrary/Genomes/Discoglossus_pictus/Discoglossus_pictus.denovo
/user/brussel/109/vsc10945/home/scratch/AmphibianTELibrary/Genomes/Hyperolius_riggenbachi/Hyperolius_riggenbachi.denovo
/user/brussel/109/vsc10945/home/scratch/AmphibianTELibrary/Genomes/Lissotriton_helveticus/Lissotriton_helveticus.denovo
/user/brussel/109/vsc10945/home/scratch/AmphibianTELibrary/Genomes/Rhinoderma_darwinii/Rhinoderma_darwinii.denovo
/user/brussel/109/vsc10945/home/scratch/AmphibianTELibrary/Genomes/Dendropsophus_ebraccatus/Dendropsophus_ebraccatus.denovo
/user/brussel/109/vsc10945/home/scratch/AmphibianTELibrary/Genomes/Crinia_signifera/Crinia_signifera.denovo
/user/brussel/109/vsc10945/home/scratch/AmphibianTELibrary/Genomes/Ichthyophis_bannanicus/Ichthyophis_bannanicus.denovo
/user/brussel/109/vsc10945/home/scratch/AmphibianTELibrary/Genomes/Bombina_variegata/Bombina_variegata.denovo
/user/brussel/109/vsc10945/home/scratch/AmphibianTELibrary/Genomes/Pleurodeles_waltl/Pleurodeles_waltl.denovo
/user/brussel/109/vsc10945/home/scratch/AmphibianTELibrary/Genomes/Pseudophryne_corroboree/Pseudophryne_corroboree.denovo
/user/brussel/109/vsc10945/home/scratch/AmphibianTELibrary/Genomes/Mixophyes_fleayi/Mixophyes_fleayi.denovo
/user/brussel/109/vsc10945/home/scratch/AmphibianTELibrary/Genomes/Pelobates_fuscus/Pelobates_fuscus.denovo
/user/brussel/109/vsc10945/home/scratch/AmphibianTELibrary/Genomes/Leptobrachium_boringii/Leptobrachium_boringii.denovo
/user/brussel/109/vsc10945/home/scratch/AmphibianTELibrary/Genomes/Eleutherodactylus_coqui/Eleutherodactylus_coqui.denovo
/user/brussel/109/vsc10945/home/scratch/AmphibianTELibrary/Genomes/Anomaloglossus_baeobatrachus/Anomaloglossus_baeobatrachus.denovo
/user/brussel/109/vsc10945/home/scratch/AmphibianTELibrary/Genomes/Xenopus_tropicalis/Xenopus_tropicalis.denovo
/user/brussel/109/vsc10945/home/scratch/AmphibianTELibrary/Genomes/Leptodactylus_fuscus/Leptodactylus_fuscus.denovo
